
Microsoft Visual Studio Solution File, Format Version 12.00
# Visual Studio 14
VisualStudioVersion = 14.0.24720.0
MinimumVisualStudioVersion = 10.0.40219.1
Project("{FAE04EC0-301F-11D3-BF4B-00C04F79EFBC}") = "HotStats", "HotStats\HotStats.csproj", "{F2F0971C-6512-4D91-8693-531E7EB83B05}"
EndProject
Project("{FAE04EC0-301F-11D3-BF4B-00C04F79EFBC}") = "HotStats.MpqTool", "MpqTool\HotStats.MpqTool.csproj", "{12D4C97A-BFAF-4157-92CB-E131F7F2AAC2}"
EndProject
Project("{FAE04EC0-301F-11D3-BF4B-00C04F79EFBC}") = "HotStats.ReplayParser", "HotStats.ReplayParser\HotStats.ReplayParser.csproj", "{ED159E4D-0CE1-45E8-8A37-44332487C423}"
EndProject
Global
	GlobalSection(SolutionConfigurationPlatforms) = preSolution
		Debug|Any CPU = Debug|Any CPU
		Release|Any CPU = Release|Any CPU
	EndGlobalSection
	GlobalSection(ProjectConfigurationPlatforms) = postSolution
		{F2F0971C-6512-4D91-8693-531E7EB83B05}.Debug|Any CPU.ActiveCfg = Debug|Any CPU
		{F2F0971C-6512-4D91-8693-531E7EB83B05}.Debug|Any CPU.Build.0 = Debug|Any CPU
		{F2F0971C-6512-4D91-8693-531E7EB83B05}.Release|Any CPU.ActiveCfg = Release|Any CPU
		{F2F0971C-6512-4D91-8693-531E7EB83B05}.Release|Any CPU.Build.0 = Release|Any CPU
		{12D4C97A-BFAF-4157-92CB-E131F7F2AAC2}.Debug|Any CPU.ActiveCfg = Debug|Any CPU
		{12D4C97A-BFAF-4157-92CB-E131F7F2AAC2}.Debug|Any CPU.Build.0 = Debug|Any CPU
		{12D4C97A-BFAF-4157-92CB-E131F7F2AAC2}.Release|Any CPU.ActiveCfg = Release|Any CPU
		{12D4C97A-BFAF-4157-92CB-E131F7F2AAC2}.Release|Any CPU.Build.0 = Release|Any CPU
		{ED159E4D-0CE1-45E8-8A37-44332487C423}.Debug|Any CPU.ActiveCfg = Debug|Any CPU
		{ED159E4D-0CE1-45E8-8A37-44332487C423}.Debug|Any CPU.Build.0 = Debug|Any CPU
		{ED159E4D-0CE1-45E8-8A37-44332487C423}.Release|Any CPU.ActiveCfg = Release|Any CPU
		{ED159E4D-0CE1-45E8-8A37-44332487C423}.Release|Any CPU.Build.0 = Release|Any CPU
	EndGlobalSection
	GlobalSection(SolutionProperties) = preSolution
		HideSolutionNode = FALSE
	EndGlobalSection
EndGlobal
